
Microsoft Visual Studio Solution File, Format Version 12.00
# Visual Studio Version 16
VisualStudioVersion = 16.0.30907.101
MinimumVisualStudioVersion = 10.0.40219.1
Project("{FAE04EC0-301F-11D3-BF4B-00C04F79EFBC}") = "ClassMetotDemo", "ClassMetotDemo\ClassMetotDemo.csproj", "{1DD16632-4FE3-4F6F-B948-D50A3555E7FD}"
EndProject
Global
	GlobalSection(SolutionConfigurationPlatforms) = preSolution
		Debug|Any CPU = Debug|Any CPU
		Release|Any CPU = Release|Any CPU
	EndGlobalSection
	GlobalSection(ProjectConfigurationPlatforms) = postSolution
		{1DD16632-4FE3-4F6F-B948-D50A3555E7FD}.Debug|Any CPU.ActiveCfg = Debug|Any CPU
		{1DD16632-4FE3-4F6F-B948-D50A3555E7FD}.Debug|Any CPU.Build.0 = Debug|Any CPU
		{1DD16632-4FE3-4F6F-B948-D50A3555E7FD}.Release|Any CPU.ActiveCfg = Release|Any CPU
		{1DD16632-4FE3-4F6F-B948-D50A3555E7FD}.Release|Any CPU.Build.0 = Release|Any CPU
	EndGlobalSection
	GlobalSection(SolutionProperties) = preSolution
		HideSolutionNode = FALSE
	EndGlobalSection
	GlobalSection(ExtensibilityGlobals) = postSolution
		SolutionGuid = {7B05602E-AB30-484C-9ADA-4EA46D6AFCDA}
	EndGlobalSection
EndGlobal
